
Microsoft Visual Studio Solution File, Format Version 12.00
# Visual Studio Version 17
VisualStudioVersion = 17.13.35919.96 d17.13
MinimumVisualStudioVersion = 10.0.40219.1
Project("{FAE04EC0-301F-11D3-BF4B-00C04F79EFBC}") = "RestFullApiTest", "RestFullApiTest\RestFullApiTest.csproj", "{5909C369-E482-4444-ACC4-FE988B631903}"
EndProject
Global
	GlobalSection(SolutionConfigurationPlatforms) = preSolution
		Debug|Any CPU = Debug|Any CPU
		Release|Any CPU = Release|Any CPU
	EndGlobalSection
	GlobalSection(ProjectConfigurationPlatforms) = postSolution
		{5909C369-E482-4444-ACC4-FE988B631903}.Debug|Any CPU.ActiveCfg = Debug|Any CPU
		{5909C369-E482-4444-ACC4-FE988B631903}.Debug|Any CPU.Build.0 = Debug|Any CPU
		{5909C369-E482-4444-ACC4-FE988B631903}.Release|Any CPU.ActiveCfg = Release|Any CPU
		{5909C369-E482-4444-ACC4-FE988B631903}.Release|Any CPU.Build.0 = Release|Any CPU
	EndGlobalSection
	GlobalSection(SolutionProperties) = preSolution
		HideSolutionNode = FALSE
	EndGlobalSection
	GlobalSection(ExtensibilityGlobals) = postSolution
		SolutionGuid = {26C25B7F-FB6B-4BEA-841F-4594E7FA2CCB}
	EndGlobalSection
EndGlobal
